{
  "name": "Assets",
  "lockfileVersion": 3,
  "requires": true,
  "packages": {
    "": {
      "dependencies": {
        "shapes": "^0.4.0"
      }
    },
    "node_modules/bit-twiddle": {
      "version": "1.0.2",
      "resolved": "https://registry.npmjs.org/bit-twiddle/-/bit-twiddle-1.0.2.tgz",
      "integrity": "sha512-B9UhK0DKFZhoTFcfvAzhqsjStvGJp9vYWf3+6SNTtdSQnvIgfkHbgHrg/e4+TH71N2GDu8tpmCVoyfrL1d7ntA=="
    },
    "node_modules/canvas-utils": {
      "version": "0.5.0",
      "resolved": "https://registry.npmjs.org/canvas-utils/-/canvas-utils-0.5.0.tgz",
      "integrity": "sha512-E9W3fizsb+UAJr27Y+m4spEuxJaZu/vgWbXHARD/1Lk4QFp1WDMqYeEUq9vdMAHBUNg9zpmv9PaNDGO7hDucPQ==",
      "dependencies": {
        "inherits": "^2.0.1"
      }
    },
    "node_modules/cwise-compiler": {
      "version": "1.1.3",
      "resolved": "https://registry.npmjs.org/cwise-compiler/-/cwise-compiler-1.1.3.tgz",
      "integrity": "sha512-WXlK/m+Di8DMMcCjcWr4i+XzcQra9eCdXIJrgh4TUgh0pIS/yJduLxS9JgefsHJ/YVLdgPtXm9r62W92MvanEQ==",
      "dependencies": {
        "uniq": "^1.0.0"
      }
    },
    "node_modules/d": {
      "version": "1.0.2",
      "resolved": "https://registry.npmjs.org/d/-/d-1.0.2.tgz",
      "integrity": "sha512-MOqHvMWF9/9MX6nza0KgvFH4HpMU0EF5uUDXqX/BtxtU8NfB0QzRtJ8Oe/6SuS4kbhyzVJwjd97EA4PKrzJ8bw==",
      "dependencies": {
        "es5-ext": "^0.10.64",
        "type": "^2.7.2"
      },
      "engines": {
        "node": ">=0.12"
      }
    },
    "node_modules/dup": {
      "version": "1.0.0",
      "resolved": "https://registry.npmjs.org/dup/-/dup-1.0.0.tgz",
      "integrity": "sha512-Bz5jxMMC0wgp23Zm15ip1x8IhYRqJvF3nFC0UInJUDkN1z4uNPk9jTnfCUJXbOGiQ1JbXLQsiV41Fb+HXcj5BA=="
    },
    "node_modules/es5-ext": {
      "version": "0.10.64",
      "resolved": "https://registry.npmjs.org/es5-ext/-/es5-ext-0.10.64.tgz",
      "integrity": "sha512-p2snDhiLaXe6dahss1LddxqEm+SkuDvV8dnIQG0MWjyHpcMNfXKPE+/Cc0y+PhxJX3A4xGNeFCj5oc0BUh6deg==",
      "hasInstallScript": true,
      "dependencies": {
        "es6-iterator": "^2.0.3",
        "es6-symbol": "^3.1.3",
        "esniff": "^2.0.1",
        "next-tick": "^1.1.0"
      },
      "engines": {
        "node": ">=0.10"
      }
    },
    "node_modules/es6-iterator": {
      "version": "2.0.3",
      "resolved": "https://registry.npmjs.org/es6-iterator/-/es6-iterator-2.0.3.tgz",
      "integrity": "sha512-zw4SRzoUkd+cl+ZoE15A9o1oQd920Bb0iOJMQkQhl3jNc03YqVjAhG7scf9C5KWRU/R13Orf588uCC6525o02g==",
      "dependencies": {
        "d": "1",
        "es5-ext": "^0.10.35",
        "es6-symbol": "^3.1.1"
      }
    },
    "node_modules/es6-map": {
      "version": "0.1.5",
      "resolved": "https://registry.npmjs.org/es6-map/-/es6-map-0.1.5.tgz",
      "integrity": "sha512-mz3UqCh0uPCIqsw1SSAkB/p0rOzF/M0V++vyN7JqlPtSW/VsYgQBvVvqMLmfBuyMzTpLnNqi6JmcSizs4jy19A==",
      "dependencies": {
        "d": "1",
        "es5-ext": "~0.10.14",
        "es6-iterator": "~2.0.1",
        "es6-set": "~0.1.5",
        "es6-symbol": "~3.1.1",
        "event-emitter": "~0.3.5"
      }
    },
    "node_modules/es6-set": {
      "version": "0.1.6",
      "resolved": "https://registry.npmjs.org/es6-set/-/es6-set-0.1.6.tgz",
      "integrity": "sha512-TE3LgGLDIBX332jq3ypv6bcOpkLO0AslAQo7p2VqX/1N46YNsvIWgvjojjSEnWEGWMhr1qUbYeTSir5J6mFHOw==",
      "dependencies": {
        "d": "^1.0.1",
        "es5-ext": "^0.10.62",
        "es6-iterator": "~2.0.3",
        "es6-symbol": "^3.1.3",
        "event-emitter": "^0.3.5",
        "type": "^2.7.2"
      },
      "engines": {
        "node": ">=0.12"
      }
    },
    "node_modules/es6-symbol": {
      "version": "3.1.4",
      "resolved": "https://registry.npmjs.org/es6-symbol/-/es6-symbol-3.1.4.tgz",
      "integrity": "sha512-U9bFFjX8tFiATgtkJ1zg25+KviIXpgRvRHS8sau3GfhVzThRQrOeksPeT0BWW2MNZs1OEWJ1DPXOQMn0KKRkvg==",
      "dependencies": {
        "d": "^1.0.2",
        "ext": "^1.7.0"
      },
      "engines": {
        "node": ">=0.12"
      }
    },
    "node_modules/esniff": {
      "version": "2.0.1",
      "resolved": "https://registry.npmjs.org/esniff/-/esniff-2.0.1.tgz",
      "integrity": "sha512-kTUIGKQ/mDPFoJ0oVfcmyJn4iBDRptjNVIzwIFR7tqWXdVI9xfA2RMwY/gbSpJG3lkdWNEjLap/NqVHZiJsdfg==",
      "dependencies": {
        "d": "^1.0.1",
        "es5-ext": "^0.10.62",
        "event-emitter": "^0.3.5",
        "type": "^2.7.2"
      },
      "engines": {
        "node": ">=0.10"
      }
    },
    "node_modules/event-emitter": {
      "version": "0.3.5",
      "resolved": "https://registry.npmjs.org/event-emitter/-/event-emitter-0.3.5.tgz",
      "integrity": "sha512-D9rRn9y7kLPnJ+hMq7S/nhvoKwwvVJahBi2BPmx3bvbsEdK3W9ii8cBSGjP+72/LnM4n6fo3+dkCX5FeTQruXA==",
      "dependencies": {
        "d": "1",
        "es5-ext": "~0.10.14"
      }
    },
    "node_modules/ext": {
      "version": "1.7.0",
      "resolved": "https://registry.npmjs.org/ext/-/ext-1.7.0.tgz",
      "integrity": "sha512-6hxeJYaL110a9b5TEJSj0gojyHQAmA2ch5Os+ySCiA1QGdS697XWY1pzsrSjqA9LDEEgdB/KypIlR59RcLuHYw==",
      "dependencies": {
        "type": "^2.7.2"
      }
    },
    "node_modules/inherits": {
      "version": "2.0.4",
      "resolved": "https://registry.npmjs.org/inherits/-/inherits-2.0.4.tgz",
      "integrity": "sha512-k/vGaX4/Yla3WzyMCvTQOXYeIHvqOKtnqBduzTHpzpQZzAskKMhZ2K+EnBiSM9zGSoIFeMpXKxa4dYeZIQqewQ=="
    },
    "node_modules/iota-array": {
      "version": "1.0.0",
      "resolved": "https://registry.npmjs.org/iota-array/-/iota-array-1.0.0.tgz",
      "integrity": "sha512-pZ2xT+LOHckCatGQ3DcG/a+QuEqvoxqkiL7tvE8nn3uuu+f6i1TtpB5/FtWFbxUuVr5PZCx8KskuGatbJDXOWA=="
    },
    "node_modules/is-buffer": {
      "version": "1.1.6",
      "resolved": "https://registry.npmjs.org/is-buffer/-/is-buffer-1.1.6.tgz",
      "integrity": "sha512-NcdALwpXkTm5Zvvbk7owOUSvVvBKDgKP5/ewfXEznmQFfs4ZRmanOeKBTjRVjka3QFoN6XJ+9F3USqfHqTaU5w=="
    },
    "node_modules/ndarray": {
      "version": "1.0.19",
      "resolved": "https://registry.npmjs.org/ndarray/-/ndarray-1.0.19.tgz",
      "integrity": "sha512-B4JHA4vdyZU30ELBw3g7/p9bZupyew5a7tX1Y/gGeF2hafrPaQZhgrGQfsvgfYbgdFZjYwuEcnaobeM/WMW+HQ==",
      "dependencies": {
        "iota-array": "^1.0.0",
        "is-buffer": "^1.0.2"
      }
    },
    "node_modules/ndarray-ops": {
      "version": "1.2.2",
      "resolved": "https://registry.npmjs.org/ndarray-ops/-/ndarray-ops-1.2.2.tgz",
      "integrity": "sha512-BppWAFRjMYF7N/r6Ie51q6D4fs0iiGmeXIACKY66fLpnwIui3Wc3CXiD/30mgLbDjPpSLrsqcp3Z62+IcHZsDw==",
      "dependencies": {
        "cwise-compiler": "^1.0.0"
      }
    },
    "node_modules/ndarray-scratch": {
      "version": "1.2.0",
      "resolved": "https://registry.npmjs.org/ndarray-scratch/-/ndarray-scratch-1.2.0.tgz",
      "integrity": "sha512-a4pASwB1jQyJcKLYrwrladVfDZDUGc78qLJZbHyb1Q4rhte0URhzc6ALQpBcauwgov0sXLwZz3vYH5jKAhSMIg==",
      "dependencies": {
        "ndarray": "^1.0.14",
        "ndarray-ops": "^1.2.1",
        "typedarray-pool": "^1.0.2"
      }
    },
    "node_modules/ndarray-sort": {
      "version": "1.0.1",
      "resolved": "https://registry.npmjs.org/ndarray-sort/-/ndarray-sort-1.0.1.tgz",
      "integrity": "sha512-Gpyis5NvEPOQVadDOG+Dx8bhYCkaxn5IlA4Ig/jBJIlnW1caDiPneQLzT/+AIMeHEmqlGZfdqO/I1TXJS2neAw==",
      "dependencies": {
        "typedarray-pool": "^1.0.0"
      }
    },
    "node_modules/next-tick": {
      "version": "1.1.0",
      "resolved": "https://registry.npmjs.org/next-tick/-/next-tick-1.1.0.tgz",
      "integrity": "sha512-CXdUiJembsNjuToQvxayPZF9Vqht7hewsvy2sOWafLvi2awflj9mOC6bHIg50orX8IJvWKY9wYQ/zB2kogPslQ=="
    },
    "node_modules/red-blue-line-segment-intersect": {
      "version": "1.0.1",
      "resolved": "https://registry.npmjs.org/red-blue-line-segment-intersect/-/red-blue-line-segment-intersect-1.0.1.tgz",
      "integrity": "sha512-QK1IxOlXVzzN65IAuJRsCZDwgy/Vv50Ia//nG8tr5tB+HMmFksXh7wf+4t5f+FrvtQjy5BShe1HzIkra25D0dQ==",
      "dependencies": {
        "ndarray-scratch": "^1.1.1",
        "ndarray-sort": "^1.0.0",
        "robust-segment-intersect": "^1.0.1",
        "typedarray-pool": "^1.0.2"
      }
    },
    "node_modules/robust-orientation": {
      "version": "1.2.1",
      "resolved": "https://registry.npmjs.org/robust-orientation/-/robust-orientation-1.2.1.tgz",
      "integrity": "sha512-FuTptgKwY6iNuU15nrIJDLjXzCChWB+T4AvksRtwPS/WZ3HuP1CElCm1t+OBfgQKfWbtZIawip+61k7+buRKAg==",
      "dependencies": {
        "robust-scale": "^1.0.2",
        "robust-subtract": "^1.0.0",
        "robust-sum": "^1.0.0",
        "two-product": "^1.0.2"
      }
    },
    "node_modules/robust-scale": {
      "version": "1.0.2",
      "resolved": "https://registry.npmjs.org/robust-scale/-/robust-scale-1.0.2.tgz",
      "integrity": "sha512-jBR91a/vomMAzazwpsPTPeuTPPmWBacwA+WYGNKcRGSh6xweuQ2ZbjRZ4v792/bZOhRKXRiQH0F48AvuajY0tQ==",
      "dependencies": {
        "two-product": "^1.0.2",
        "two-sum": "^1.0.0"
      }
    },
    "node_modules/robust-segment-intersect": {
      "version": "1.0.1",
      "resolved": "https://registry.npmjs.org/robust-segment-intersect/-/robust-segment-intersect-1.0.1.tgz",
      "integrity": "sha512-QWngxcL7rCRLK7nTMcTNBPi/q+fecrOo6aOtTPnXjT/Dve5AK20DzUSq2fznUS+rCAxyir6OdPgDCzcUxFtJoQ==",
      "dependencies": {
        "robust-orientation": "^1.1.3"
      }
    },
    "node_modules/robust-subtract": {
      "version": "1.0.0",
      "resolved": "https://registry.npmjs.org/robust-subtract/-/robust-subtract-1.0.0.tgz",
      "integrity": "sha512-xhKUno+Rl+trmxAIVwjQMiVdpF5llxytozXJOdoT4eTIqmqsndQqFb1A0oiW3sZGlhMRhOi6pAD4MF1YYW6o/A=="
    },
    "node_modules/robust-sum": {
      "version": "1.0.0",
      "resolved": "https://registry.npmjs.org/robust-sum/-/robust-sum-1.0.0.tgz",
      "integrity": "sha512-AvLExwpaqUqD1uwLU6MwzzfRdaI6VEZsyvQ3IAQ0ZJ08v1H+DTyqskrf2ZJyh0BDduFVLN7H04Zmc+qTiahhAw=="
    },
    "node_modules/shapes": {
      "version": "0.4.0",
      "resolved": "https://registry.npmjs.org/shapes/-/shapes-0.4.0.tgz",
      "integrity": "sha512-vmdUocQYjIGEd/J83ZBxqm9zuxYvlFuwN1/cd/GnhpUp8+LGs0dttH0KhxgXRexKMG4l3HG5qzcin71Hymt9ww==",
      "dependencies": {
        "canvas-utils": "^0.5.0",
        "es6-map": "^0.1.1",
        "inherits": "^2.0.1",
        "red-blue-line-segment-intersect": "^1.0.1"
      }
    },
    "node_modules/two-product": {
      "version": "1.0.2",
      "resolved": "https://registry.npmjs.org/two-product/-/two-product-1.0.2.tgz",
      "integrity": "sha512-vOyrqmeYvzjToVM08iU52OFocWT6eB/I5LUWYnxeAPGXAhAxXYU/Yr/R2uY5/5n4bvJQL9AQulIuxpIsMoT8XQ=="
    },
    "node_modules/two-sum": {
      "version": "1.0.0",
      "resolved": "https://registry.npmjs.org/two-sum/-/two-sum-1.0.0.tgz",
      "integrity": "sha512-phP48e8AawgsNUjEY2WvoIWqdie8PoiDZGxTDv70LDr01uX5wLEQbOgSP7Z/B6+SW5oLtbe8qaYX2fKJs3CGTw=="
    },
    "node_modules/type": {
      "version": "2.7.2",
      "resolved": "https://registry.npmjs.org/type/-/type-2.7.2.tgz",
      "integrity": "sha512-dzlvlNlt6AXU7EBSfpAscydQ7gXB+pPGsPnfJnZpiNJBDj7IaJzQlBZYGdEi4R9HmPdBv2XmWJ6YUtoTa7lmCw=="
    },
    "node_modules/typedarray-pool": {
      "version": "1.2.0",
      "resolved": "https://registry.npmjs.org/typedarray-pool/-/typedarray-pool-1.2.0.tgz",
      "integrity": "sha512-YTSQbzX43yvtpfRtIDAYygoYtgT+Rpjuxy9iOpczrjpXLgGoyG7aS5USJXV2d3nn8uHTeb9rXDvzS27zUg5KYQ==",
      "dependencies": {
        "bit-twiddle": "^1.0.0",
        "dup": "^1.0.0"
      }
    },
    "node_modules/uniq": {
      "version": "1.0.1",
      "resolved": "https://registry.npmjs.org/uniq/-/uniq-1.0.1.tgz",
      "integrity": "sha512-Gw+zz50YNKPDKXs+9d+aKAjVwpjNwqzvNpLigIruT4HA9lMZNdMqs9x07kKHB/L9WRzqp4+DlTU5s4wG2esdoA=="
    }
  }
}
